
Microsoft Visual Studio Solution File, Format Version 12.00
# Visual Studio Version 17
VisualStudioVersion = 17.9.34310.174
MinimumVisualStudioVersion = 10.0.40219.1
Project("{9A19103F-16F7-4668-BE54-9A1E7A4F7556}") = "PokemonisshoniZ", "PokemonisshoniZ\PokemonisshoniZ\PokemonisshoniZ.csproj", "{73886A5E-ED2B-4926-9734-CB2EEF2642AF}"
EndProject
Project("{9A19103F-16F7-4668-BE54-9A1E7A4F7556}") = "PokemonisshoniZ.Client", "PokemonisshoniZ\PokemonisshoniZ.Client\PokemonisshoniZ.Client.csproj", "{5325BABD-8053-4CAB-B15B-C0E6A0651CEF}"
EndProject
Project("{9A19103F-16F7-4668-BE54-9A1E7A4F7556}") = "PokemonisshoniZ.AppHost", "PokemonisshoniZ.AppHost\PokemonisshoniZ.AppHost.csproj", "{9D4F66A3-AF5F-4EB4-8D04-90311D0BB50E}"
EndProject
Project("{9A19103F-16F7-4668-BE54-9A1E7A4F7556}") = "PokemonisshoniZ.ServiceDefaults", "PokemonisshoniZ.ServiceDefaults\PokemonisshoniZ.ServiceDefaults.csproj", "{1FE07C03-8128-4D96-A97A-3EF9F10E12D3}"
EndProject
Project("{9A19103F-16F7-4668-BE54-9A1E7A4F7556}") = "PokeCommon", "..\PokeSci\PokeCommon\PokeCommon.csproj", "{02DFDFE8-1CF1-4E13-A42B-B1B2B353A9CA}"
EndProject
Project("{9A19103F-16F7-4668-BE54-9A1E7A4F7556}") = "PokePSCore", "..\PokeSci\PokePSCore\PokePSCore.csproj", "{933B94CD-7026-4EE6-9DEE-F3C271DA184F}"
EndProject
Project("{9A19103F-16F7-4668-BE54-9A1E7A4F7556}") = "PokemonDataAccess", "..\PokeSci\PokemonDataAccess\PokemonDataAccess.csproj", "{E67798FA-46E3-4FF4-8B2F-582B54C63F53}"
EndProject
Project("{9A19103F-16F7-4668-BE54-9A1E7A4F7556}") = "PSThonk.API", "PSThonk.API\PSThonk.API.csproj", "{1B868F13-9B74-4D07-B02E-B62FA36ED81A}"
EndProject
Project("{9A19103F-16F7-4668-BE54-9A1E7A4F7556}") = "Identity.API", "Identity.API\Identity.API.csproj", "{8AACF80B-7488-4143-804C-3DABF9A4AE77}"
EndProject
Project("{9A19103F-16F7-4668-BE54-9A1E7A4F7556}") = "PokemonHome.API", "PokemonHome.API\PokemonHome.API.csproj", "{6AAC551F-0595-43DF-BE6D-0E63C4DA3B3F}"
EndProject
Project("{9A19103F-16F7-4668-BE54-9A1E7A4F7556}") = "PokeOCR.API", "PokeOCR.API\PokeOCR.API.csproj", "{3C353688-B000-4DA7-8600-2A7215A6E2D4}"
EndProject
Global
	GlobalSection(SolutionConfigurationPlatforms) = preSolution
		Debug|Any CPU = Debug|Any CPU
		Release|Any CPU = Release|Any CPU
	EndGlobalSection
	GlobalSection(ProjectConfigurationPlatforms) = postSolution
		{73886A5E-ED2B-4926-9734-CB2EEF2642AF}.Debug|Any CPU.ActiveCfg = Debug|Any CPU
		{73886A5E-ED2B-4926-9734-CB2EEF2642AF}.Debug|Any CPU.Build.0 = Debug|Any CPU
		{73886A5E-ED2B-4926-9734-CB2EEF2642AF}.Release|Any CPU.ActiveCfg = Release|Any CPU
		{73886A5E-ED2B-4926-9734-CB2EEF2642AF}.Release|Any CPU.Build.0 = Release|Any CPU
		{5325BABD-8053-4CAB-B15B-C0E6A0651CEF}.Debug|Any CPU.ActiveCfg = Debug|Any CPU
		{5325BABD-8053-4CAB-B15B-C0E6A0651CEF}.Debug|Any CPU.Build.0 = Debug|Any CPU
		{5325BABD-8053-4CAB-B15B-C0E6A0651CEF}.Release|Any CPU.ActiveCfg = Release|Any CPU
		{5325BABD-8053-4CAB-B15B-C0E6A0651CEF}.Release|Any CPU.Build.0 = Release|Any CPU
		{9D4F66A3-AF5F-4EB4-8D04-90311D0BB50E}.Debug|Any CPU.ActiveCfg = Debug|Any CPU
		{9D4F66A3-AF5F-4EB4-8D04-90311D0BB50E}.Debug|Any CPU.Build.0 = Debug|Any CPU
		{9D4F66A3-AF5F-4EB4-8D04-90311D0BB50E}.Release|Any CPU.ActiveCfg = Release|Any CPU
		{9D4F66A3-AF5F-4EB4-8D04-90311D0BB50E}.Release|Any CPU.Build.0 = Release|Any CPU
		{1FE07C03-8128-4D96-A97A-3EF9F10E12D3}.Debug|Any CPU.ActiveCfg = Debug|Any CPU
		{1FE07C03-8128-4D96-A97A-3EF9F10E12D3}.Debug|Any CPU.Build.0 = Debug|Any CPU
		{1FE07C03-8128-4D96-A97A-3EF9F10E12D3}.Release|Any CPU.ActiveCfg = Release|Any CPU
		{1FE07C03-8128-4D96-A97A-3EF9F10E12D3}.Release|Any CPU.Build.0 = Release|Any CPU
		{02DFDFE8-1CF1-4E13-A42B-B1B2B353A9CA}.Debug|Any CPU.ActiveCfg = Debug|Any CPU
		{02DFDFE8-1CF1-4E13-A42B-B1B2B353A9CA}.Debug|Any CPU.Build.0 = Debug|Any CPU
		{02DFDFE8-1CF1-4E13-A42B-B1B2B353A9CA}.Release|Any CPU.ActiveCfg = Release|Any CPU
		{02DFDFE8-1CF1-4E13-A42B-B1B2B353A9CA}.Release|Any CPU.Build.0 = Release|Any CPU
		{933B94CD-7026-4EE6-9DEE-F3C271DA184F}.Debug|Any CPU.ActiveCfg = Debug|Any CPU
		{933B94CD-7026-4EE6-9DEE-F3C271DA184F}.Debug|Any CPU.Build.0 = Debug|Any CPU
		{933B94CD-7026-4EE6-9DEE-F3C271DA184F}.Release|Any CPU.ActiveCfg = Release|Any CPU
		{933B94CD-7026-4EE6-9DEE-F3C271DA184F}.Release|Any CPU.Build.0 = Release|Any CPU
		{E67798FA-46E3-4FF4-8B2F-582B54C63F53}.Debug|Any CPU.ActiveCfg = Debug|Any CPU
		{E67798FA-46E3-4FF4-8B2F-582B54C63F53}.Debug|Any CPU.Build.0 = Debug|Any CPU
		{E67798FA-46E3-4FF4-8B2F-582B54C63F53}.Release|Any CPU.ActiveCfg = Release|Any CPU
		{E67798FA-46E3-4FF4-8B2F-582B54C63F53}.Release|Any CPU.Build.0 = Release|Any CPU
		{1B868F13-9B74-4D07-B02E-B62FA36ED81A}.Debug|Any CPU.ActiveCfg = Debug|Any CPU
		{1B868F13-9B74-4D07-B02E-B62FA36ED81A}.Debug|Any CPU.Build.0 = Debug|Any CPU
		{1B868F13-9B74-4D07-B02E-B62FA36ED81A}.Release|Any CPU.ActiveCfg = Release|Any CPU
		{1B868F13-9B74-4D07-B02E-B62FA36ED81A}.Release|Any CPU.Build.0 = Release|Any CPU
		{8AACF80B-7488-4143-804C-3DABF9A4AE77}.Debug|Any CPU.ActiveCfg = Debug|Any CPU
		{8AACF80B-7488-4143-804C-3DABF9A4AE77}.Debug|Any CPU.Build.0 = Debug|Any CPU
		{8AACF80B-7488-4143-804C-3DABF9A4AE77}.Release|Any CPU.ActiveCfg = Release|Any CPU
		{8AACF80B-7488-4143-804C-3DABF9A4AE77}.Release|Any CPU.Build.0 = Release|Any CPU
		{6AAC551F-0595-43DF-BE6D-0E63C4DA3B3F}.Debug|Any CPU.ActiveCfg = Debug|Any CPU
		{6AAC551F-0595-43DF-BE6D-0E63C4DA3B3F}.Debug|Any CPU.Build.0 = Debug|Any CPU
		{6AAC551F-0595-43DF-BE6D-0E63C4DA3B3F}.Release|Any CPU.ActiveCfg = Release|Any CPU
		{6AAC551F-0595-43DF-BE6D-0E63C4DA3B3F}.Release|Any CPU.Build.0 = Release|Any CPU
		{3C353688-B000-4DA7-8600-2A7215A6E2D4}.Debug|Any CPU.ActiveCfg = Debug|Any CPU
		{3C353688-B000-4DA7-8600-2A7215A6E2D4}.Debug|Any CPU.Build.0 = Debug|Any CPU
		{3C353688-B000-4DA7-8600-2A7215A6E2D4}.Release|Any CPU.ActiveCfg = Release|Any CPU
		{3C353688-B000-4DA7-8600-2A7215A6E2D4}.Release|Any CPU.Build.0 = Release|Any CPU
	EndGlobalSection
	GlobalSection(SolutionProperties) = preSolution
		HideSolutionNode = FALSE
	EndGlobalSection
	GlobalSection(ExtensibilityGlobals) = postSolution
		SolutionGuid = {52875512-153F-4A46-9798-6BCDCB15D530}
	EndGlobalSection
EndGlobal
